// !$*UTF8*$!
{
	archiveVersion = 1;
	classes = {
	};
	objectVersion = 77;
	objects = {

/* Begin PBXBuildFile section */
		8D890CF02E92A39E00BF7BC2 /* ComposableArchitecture in Frameworks */ = {isa = PBXBuildFile; productRef = 8D890CEF2E92A39E00BF7BC2 /* ComposableArchitecture */; };
		8D890CF52E92A65800BF7BC2 /* .swiftlint.yml in Resources */ = {isa = PBXBuildFile; fileRef = 8D890CF42E92A65800BF7BC2 /* .swiftlint.yml */; };
/* End PBXBuildFile section */

/* Begin PBXContainerItemProxy section */
		8D890CD22E92A35500BF7BC2 /* PBXContainerItemProxy */ = {
			isa = PBXContainerItemProxy;
			containerPortal = 8D890CBC2E92A35200BF7BC2 /* Project object */;
			proxyType = 1;
			remoteGlobalIDString = 8D890CC32E92A35200BF7BC2;
			remoteInfo = Tile2048;
		};
		8D890CDC2E92A35500BF7BC2 /* PBXContainerItemProxy */ = {
			isa = PBXContainerItemProxy;
			containerPortal = 8D890CBC2E92A35200BF7BC2 /* Project object */;
			proxyType = 1;
			remoteGlobalIDString = 8D890CC32E92A35200BF7BC2;
			remoteInfo = Tile2048;
		};
/* End PBXContainerItemProxy section */

/* Begin PBXFileReference section */
		8D890CC42E92A35200BF7BC2 /* Tile2048.app */ = {isa = PBXFileReference; explicitFileType = wrapper.application; includeInIndex = 0; path = Tile2048.app; sourceTree = BUILT_PRODUCTS_DIR; };
		8D890CD12E92A35500BF7BC2 /* Tile2048Tests.xctest */ = {isa = PBXFileReference; explicitFileType = wrapper.cfbundle; includeInIndex = 0; path = Tile2048Tests.xctest; sourceTree = BUILT_PRODUCTS_DIR; };
		8D890CDB2E92A35500BF7BC2 /* Tile2048UITests.xctest */ = {isa = PBXFileReference; explicitFileType = wrapper.cfbundle; includeInIndex = 0; path = Tile2048UITests.xctest; sourceTree = BUILT_PRODUCTS_DIR; };
		8D890CF42E92A65800BF7BC2 /* .swiftlint.yml */ = {isa = PBXFileReference; lastKnownFileType = text.yaml; path = .swiftlint.yml; sourceTree = "<group>"; };
/* End PBXFileReference section */

/* Begin PBXFileSystemSynchronizedRootGroup section */
		8D890CC62E92A35200BF7BC2 /* Tile2048 */ = {
			isa = PBXFileSystemSynchronizedRootGroup;
			path = Tile2048;
			sourceTree = "<group>";
		};
		8D890CD42E92A35500BF7BC2 /* Tile2048Tests */ = {
			isa = PBXFileSystemSynchronizedRootGroup;
			path = Tile2048Tests;
			sourceTree = "<group>";
		};
		8D890CDE2E92A35500BF7BC2 /* Tile2048UITests */ = {
			isa = PBXFileSystemSynchronizedRootGroup;
			path = Tile2048UITests;
			sourceTree = "<group>";
		};
/* End PBXFileSystemSynchronizedRootGroup section */

/* Begin PBXFrameworksBuildPhase section */
		8D890CC12E92A35200BF7BC2 /* Frameworks */ = {
			isa = PBXFrameworksBuildPhase;
			buildActionMask = 2147483647;
			files = (
				8D890CF02E92A39E00BF7BC2 /* ComposableArchitecture in Frameworks */,
			);
			runOnlyForDeploymentPostprocessing = 0;
		};
		8D890CCE2E92A35500BF7BC2 /* Frameworks */ = {
			isa = PBXFrameworksBuildPhase;
			buildActionMask = 2147483647;
			files = (
			);
			runOnlyForDeploymentPostprocessing = 0;
		};
		8D890CD82E92A35500BF7BC2 /* Frameworks */ = {
			isa = PBXFrameworksBuildPhase;
			buildActionMask = 2147483647;
			files = (
			);
			runOnlyForDeploymentPostprocessing = 0;
		};
/* End PBXFrameworksBuildPhase section */

/* Begin PBXGroup section */
		8D890CBB2E92A35200BF7BC2 = {
			isa = PBXGroup;
			children = (
				8D890CF42E92A65800BF7BC2 /* .swiftlint.yml */,
				8D890CC62E92A35200BF7BC2 /* Tile2048 */,
				8D890CD42E92A35500BF7BC2 /* Tile2048Tests */,
				8D890CDE2E92A35500BF7BC2 /* Tile2048UITests */,
				8D890CC52E92A35200BF7BC2 /* Products */,
			);
			sourceTree = "<group>";
		};
		8D890CC52E92A35200BF7BC2 /* Products */ = {
			isa = PBXGroup;
			children = (
				8D890CC42E92A35200BF7BC2 /* Tile2048.app */,
				8D890CD12E92A35500BF7BC2 /* Tile2048Tests.xctest */,
				8D890CDB2E92A35500BF7BC2 /* Tile2048UITests.xctest */,
			);
			name = Products;
			sourceTree = "<group>";
		};
/* End PBXGroup section */

/* Begin PBXNativeTarget section */
		8D890CC32E92A35200BF7BC2 /* Tile2048 */ = {
			isa = PBXNativeTarget;
			buildConfigurationList = 8D890CE52E92A35500BF7BC2 /* Build configuration list for PBXNativeTarget "Tile2048" */;
			buildPhases = (
				8D890CC02E92A35200BF7BC2 /* Sources */,
				8D890CC12E92A35200BF7BC2 /* Frameworks */,
				8D890CC22E92A35200BF7BC2 /* Resources */,
				8D890CF12E92A4B400BF7BC2 /* ShellScript */,
			);
			buildRules = (
			);
			dependencies = (
			);
			fileSystemSynchronizedGroups = (
				8D890CC62E92A35200BF7BC2 /* Tile2048 */,
			);
			name = Tile2048;
			packageProductDependencies = (
				8D890CEF2E92A39E00BF7BC2 /* ComposableArchitecture */,
			);
			productName = Tile2048;
			productReference = 8D890CC42E92A35200BF7BC2 /* Tile2048.app */;
			productType = "com.apple.product-type.application";
		};
		8D890CD02E92A35500BF7BC2 /* Tile2048Tests */ = {
			isa = PBXNativeTarget;
			buildConfigurationList = 8D890CE82E92A35500BF7BC2 /* Build configuration list for PBXNativeTarget "Tile2048Tests" */;
			buildPhases = (
				8D890CCD2E92A35500BF7BC2 /* Sources */,
				8D890CCE2E92A35500BF7BC2 /* Frameworks */,
				8D890CCF2E92A35500BF7BC2 /* Resources */,
			);
			buildRules = (
			);
			dependencies = (
				8D890CD32E92A35500BF7BC2 /* PBXTargetDependency */,
			);
			fileSystemSynchronizedGroups = (
				8D890CD42E92A35500BF7BC2 /* Tile2048Tests */,
			);
			name = Tile2048Tests;
			packageProductDependencies = (
			);
			productName = Tile2048Tests;
			productReference = 8D890CD12E92A35500BF7BC2 /* Tile2048Tests.xctest */;
			productType = "com.apple.product-type.bundle.unit-test";
		};
		8D890CDA2E92A35500BF7BC2 /* Tile2048UITests */ = {
			isa = PBXNativeTarget;
			buildConfigurationList = 8D890CEB2E92A35500BF7BC2 /* Build configuration list for PBXNativeTarget "Tile2048UITests" */;
			buildPhases = (
				8D890CD72E92A35500BF7BC2 /* Sources */,
				8D890CD82E92A35500BF7BC2 /* Frameworks */,
				8D890CD92E92A35500BF7BC2 /* Resources */,
			);
			buildRules = (
			);
			dependencies = (
				8D890CDD2E92A35500BF7BC2 /* PBXTargetDependency */,
			);
			fileSystemSynchronizedGroups = (
				8D890CDE2E92A35500BF7BC2 /* Tile2048UITests */,
			);
			name = Tile2048UITests;
			packageProductDependencies = (
			);
			productName = Tile2048UITests;
			productReference = 8D890CDB2E92A35500BF7BC2 /* Tile2048UITests.xctest */;
			productType = "com.apple.product-type.bundle.ui-testing";
		};
/* End PBXNativeTarget section */

/* Begin PBXProject section */
		8D890CBC2E92A35200BF7BC2 /* Project object */ = {
			isa = PBXProject;
			attributes = {
				BuildIndependentTargetsInParallel = 1;
				LastSwiftUpdateCheck = 1640;
				LastUpgradeCheck = 1640;
				TargetAttributes = {
					8D890CC32E92A35200BF7BC2 = {
						CreatedOnToolsVersion = 16.4;
					};
					8D890CD02E92A35500BF7BC2 = {
						CreatedOnToolsVersion = 16.4;
						TestTargetID = 8D890CC32E92A35200BF7BC2;
					};
					8D890CDA2E92A35500BF7BC2 = {
						CreatedOnToolsVersion = 16.4;
						TestTargetID = 8D890CC32E92A35200BF7BC2;
					};
				};
			};
			buildConfigurationList = 8D890CBF2E92A35200BF7BC2 /* Build configuration list for PBXProject "Tile2048" */;
			developmentRegion = en;
			hasScannedForEncodings = 0;
			knownRegions = (
				en,
				Base,
			);
			mainGroup = 8D890CBB2E92A35200BF7BC2;
			minimizedProjectReferenceProxies = 1;
			packageReferences = (
				8D890CEE2E92A39E00BF7BC2 /* XCRemoteSwiftPackageReference "swift-composable-architecture" */,
			);
			preferredProjectObjectVersion = 77;
			productRefGroup = 8D890CC52E92A35200BF7BC2 /* Products */;
			projectDirPath = "";
			projectRoot = "";
			targets = (
				8D890CC32E92A35200BF7BC2 /* Tile2048 */,
				8D890CD02E92A35500BF7BC2 /* Tile2048Tests */,
				8D890CDA2E92A35500BF7BC2 /* Tile2048UITests */,
			);
		};
/* End PBXProject section */

/* Begin PBXResourcesBuildPhase section */
		8D890CC22E92A35200BF7BC2 /* Resources */ = {
			isa = PBXResourcesBuildPhase;
			buildActionMask = 2147483647;
			files = (
				8D890CF52E92A65800BF7BC2 /* .swiftlint.yml in Resources */,
			);
			runOnlyForDeploymentPostprocessing = 0;
		};
		8D890CCF2E92A35500BF7BC2 /* Resources */ = {
			isa = PBXResourcesBuildPhase;
			buildActionMask = 2147483647;
			files = (
			);
			runOnlyForDeploymentPostprocessing = 0;
		};
		8D890CD92E92A35500BF7BC2 /* Resources */ = {
			isa = PBXResourcesBuildPhase;
			buildActionMask = 2147483647;
			files = (
			);
			runOnlyForDeploymentPostprocessing = 0;
		};
/* End PBXResourcesBuildPhase section */

/* Begin PBXShellScriptBuildPhase section */
		8D890CF12E92A4B400BF7BC2 /* ShellScript */ = {
			isa = PBXShellScriptBuildPhase;
			alwaysOutOfDate = 1;
			buildActionMask = 2147483647;
			files = (
			);
			inputFileListPaths = (
			);
			inputPaths = (
			);
			outputFileListPaths = (
			);
			outputPaths = (
			);
			runOnlyForDeploymentPostprocessing = 0;
			shellPath = /bin/sh;
			shellScript = "# Type a script or drag a script file from your workspace to insert its path.\nif [[ \"$(uname -m)\" == arm64 ]]; then\n    export PATH=\"/opt/homebrew/bin:$PATH\"\nfi\n\nif which swiftlint > /dev/null; then\n    swiftlint\nelse\n    echo \"warning: SwiftLint not installed, download from https://github.com/realm/SwiftLint\"\nfi\n";
		};
/* End PBXShellScriptBuildPhase section */

/* Begin PBXSourcesBuildPhase section */
		8D890CC02E92A35200BF7BC2 /* Sources */ = {
			isa = PBXSourcesBuildPhase;
			buildActionMask = 2147483647;
			files = (
			);
			runOnlyForDeploymentPostprocessing = 0;
		};
		8D890CCD2E92A35500BF7BC2 /* Sources */ = {
			isa = PBXSourcesBuildPhase;
			buildActionMask = 2147483647;
			files = (
			);
			runOnlyForDeploymentPostprocessing = 0;
		};
		8D890CD72E92A35500BF7BC2 /* Sources */ = {
			isa = PBXSourcesBuildPhase;
			buildActionMask = 2147483647;
			files = (
			);
			runOnlyForDeploymentPostprocessing = 0;
		};
/* End PBXSourcesBuildPhase section */

/* Begin PBXTargetDependency section */
		8D890CD32E92A35500BF7BC2 /* PBXTargetDependency */ = {
			isa = PBXTargetDependency;
			target = 8D890CC32E92A35200BF7BC2 /* Tile2048 */;
			targetProxy = 8D890CD22E92A35500BF7BC2 /* PBXContainerItemProxy */;
		};
		8D890CDD2E92A35500BF7BC2 /* PBXTargetDependency */ = {
			isa = PBXTargetDependency;
			target = 8D890CC32E92A35200BF7BC2 /* Tile2048 */;
			targetProxy = 8D890CDC2E92A35500BF7BC2 /* PBXContainerItemProxy */;
		};
/* End PBXTargetDependency section */

/* Begin XCBuildConfiguration section */
		8D890CE32E92A35500BF7BC2 /* Debug */ = {
			isa = XCBuildConfiguration;
			buildSettings = {
				ALWAYS_SEARCH_USER_PATHS = NO;
				ASSETCATALOG_COMPILER_GENERATE_SWIFT_ASSET_SYMBOL_EXTENSIONS = YES;
				CLANG_ANALYZER_NONNULL = YES;
				CLANG_ANALYZER_NUMBER_OBJECT_CONVERSION = YES_AGGRESSIVE;
				CLANG_CXX_LANGUAGE_STANDARD = "gnu++20";
				CLANG_ENABLE_MODULES = YES;
				CLANG_ENABLE_OBJC_ARC = YES;
				CLANG_ENABLE_OBJC_WEAK = YES;
				CLANG_WARN_BLOCK_CAPTURE_AUTORELEASING = YES;
				CLANG_WARN_BOOL_CONVERSION = YES;
				CLANG_WARN_COMMA = YES;
				CLANG_WARN_CONSTANT_CONVERSION = YES;
				CLANG_WARN_DEPRECATED_OBJC_IMPLEMENTATIONS = YES;
				CLANG_WARN_DIRECT_OBJC_ISA_USAGE = YES_ERROR;
				CLANG_WARN_DOCUMENTATION_COMMENTS = YES;
				CLANG_WARN_EMPTY_BODY = YES;
				CLANG_WARN_ENUM_CONVERSION = YES;
				CLANG_WARN_INFINITE_RECURSION = YES;
				CLANG_WARN_INT_CONVERSION = YES;
				CLANG_WARN_NON_LITERAL_NULL_CONVERSION = YES;
				CLANG_WARN_OBJC_IMPLICIT_RETAIN_SELF = YES;
				CLANG_WARN_OBJC_LITERAL_CONVERSION = YES;
				CLANG_WARN_OBJC_ROOT_CLASS = YES_ERROR;
				CLANG_WARN_QUOTED_INCLUDE_IN_FRAMEWORK_HEADER = YES;
				CLANG_WARN_RANGE_LOOP_ANALYSIS = YES;
				CLANG_WARN_STRICT_PROTOTYPES = YES;
				CLANG_WARN_SUSPICIOUS_MOVE = YES;
				CLANG_WARN_UNGUARDED_AVAILABILITY = YES_AGGRESSIVE;
				CLANG_WARN_UNREACHABLE_CODE = YES;
				CLANG_WARN__DUPLICATE_METHOD_MATCH = YES;
				COPY_PHASE_STRIP = NO;
				DEBUG_INFORMATION_FORMAT = dwarf;
				DEVELOPMENT_TEAM = AHSPS7954T;
				ENABLE_STRICT_OBJC_MSGSEND = YES;
				ENABLE_TESTABILITY = YES;
				ENABLE_USER_SCRIPT_SANDBOXING = YES;
				GCC_C_LANGUAGE_STANDARD = gnu17;
				GCC_DYNAMIC_NO_PIC = NO;
				GCC_NO_COMMON_BLOCKS = YES;
				GCC_OPTIMIZATION_LEVEL = 0;
				GCC_PREPROCESSOR_DEFINITIONS = (
					"DEBUG=1",
					"$(inherited)",
				);
				GCC_WARN_64_TO_32_BIT_CONVERSION = YES;
				GCC_WARN_ABOUT_RETURN_TYPE = YES_ERROR;
				GCC_WARN_UNDECLARED_SELECTOR = YES;
				GCC_WARN_UNINITIALIZED_AUTOS = YES_AGGRESSIVE;
				GCC_WARN_UNUSED_FUNCTION = YES;
				GCC_WARN_UNUSED_VARIABLE = YES;
				IPHONEOS_DEPLOYMENT_TARGET = 18.5;
				LOCALIZATION_PREFERS_STRING_CATALOGS = YES;
				MTL_ENABLE_DEBUG_INFO = INCLUDE_SOURCE;
				MTL_FAST_MATH = YES;
				ONLY_ACTIVE_ARCH = YES;
				SDKROOT = iphoneos;
				SWIFT_ACTIVE_COMPILATION_CONDITIONS = "DEBUG $(inherited)";
				SWIFT_OPTIMIZATION_LEVEL = "-Onone";
			};
			name = Debug;
		};
		8D890CE42E92A35500BF7BC2 /* Release */ = {
			isa = XCBuildConfiguration;
			buildSettings = {
				ALWAYS_SEARCH_USER_PATHS = NO;
				ASSETCATALOG_COMPILER_GENERATE_SWIFT_ASSET_SYMBOL_EXTENSIONS = YES;
				CLANG_ANALYZER_NONNULL = YES;
				CLANG_ANALYZER_NUMBER_OBJECT_CONVERSION = YES_AGGRESSIVE;
				CLANG_CXX_LANGUAGE_STANDARD = "gnu++20";
				CLANG_ENABLE_MODULES = YES;
				CLANG_ENABLE_OBJC_ARC = YES;
				CLANG_ENABLE_OBJC_WEAK = YES;
				CLANG_WARN_BLOCK_CAPTURE_AUTORELEASING = YES;
				CLANG_WARN_BOOL_CONVERSION = YES;
				CLANG_WARN_COMMA = YES;
				CLANG_WARN_CONSTANT_CONVERSION = YES;
				CLANG_WARN_DEPRECATED_OBJC_IMPLEMENTATIONS = YES;
				CLANG_WARN_DIRECT_OBJC_ISA_USAGE = YES_ERROR;
				CLANG_WARN_DOCUMENTATION_COMMENTS = YES;
				CLANG_WARN_EMPTY_BODY = YES;
				CLANG_WARN_ENUM_CONVERSION = YES;
				CLANG_WARN_INFINITE_RECURSION = YES;
				CLANG_WARN_INT_CONVERSION = YES;
				CLANG_WARN_NON_LITERAL_NULL_CONVERSION = YES;
				CLANG_WARN_OBJC_IMPLICIT_RETAIN_SELF = YES;
				CLANG_WARN_OBJC_LITERAL_CONVERSION = YES;
				CLANG_WARN_OBJC_ROOT_CLASS = YES_ERROR;
				CLANG_WARN_QUOTED_INCLUDE_IN_FRAMEWORK_HEADER = YES;
				CLANG_WARN_RANGE_LOOP_ANALYSIS = YES;
				CLANG_WARN_STRICT_PROTOTYPES = YES;
				CLANG_WARN_SUSPICIOUS_MOVE = YES;
				CLANG_WARN_UNGUARDED_AVAILABILITY = YES_AGGRESSIVE;
				CLANG_WARN_UNREACHABLE_CODE = YES;
				CLANG_WARN__DUPLICATE_METHOD_MATCH = YES;
				COPY_PHASE_STRIP = NO;
				DEBUG_INFORMATION_FORMAT = "dwarf-with-dsym";
				DEVELOPMENT_TEAM = AHSPS7954T;
				ENABLE_NS_ASSERTIONS = NO;
				ENABLE_STRICT_OBJC_MSGSEND = YES;
				ENABLE_USER_SCRIPT_SANDBOXING = YES;
				GCC_C_LANGUAGE_STANDARD = gnu17;
				GCC_NO_COMMON_BLOCKS = YES;
				GCC_WARN_64_TO_32_BIT_CONVERSION = YES;
				GCC_WARN_ABOUT_RETURN_TYPE = YES_ERROR;
				GCC_WARN_UNDECLARED_SELECTOR = YES;
				GCC_WARN_UNINITIALIZED_AUTOS = YES_AGGRESSIVE;
				GCC_WARN_UNUSED_FUNCTION = YES;
				GCC_WARN_UNUSED_VARIABLE = YES;
				IPHONEOS_DEPLOYMENT_TARGET = 18.5;
				LOCALIZATION_PREFERS_STRING_CATALOGS = YES;
				MTL_ENABLE_DEBUG_INFO = NO;
				MTL_FAST_MATH = YES;
				SDKROOT = iphoneos;
				SWIFT_COMPILATION_MODE = wholemodule;
				VALIDATE_PRODUCT = YES;
			};
			name = Release;
		};
		8D890CE62E92A35500BF7BC2 /* Debug */ = {
			isa = XCBuildConfiguration;
			buildSettings = {
				ASSETCATALOG_COMPILER_APPICON_NAME = AppIcon;
				ASSETCATALOG_COMPILER_GLOBAL_ACCENT_COLOR_NAME = AccentColor;
				CODE_SIGN_STYLE = Automatic;
				CURRENT_PROJECT_VERSION = 1;
				DEVELOPMENT_TEAM = AHSPS7954T;
				ENABLE_PREVIEWS = YES;
				ENABLE_USER_SCRIPT_SANDBOXING = NO;
				GENERATE_INFOPLIST_FILE = YES;
				INFOPLIST_KEY_UIApplicationSceneManifest_Generation = YES;
				INFOPLIST_KEY_UIApplicationSupportsIndirectInputEvents = YES;
				INFOPLIST_KEY_UILaunchScreen_Generation = YES;
				INFOPLIST_KEY_UISupportedInterfaceOrientations_iPad = "UIInterfaceOrientationPortrait UIInterfaceOrientationPortraitUpsideDown UIInterfaceOrientationLandscapeLeft UIInterfaceOrientationLandscapeRight";
				INFOPLIST_KEY_UISupportedInterfaceOrientations_iPhone = "UIInterfaceOrientationPortrait UIInterfaceOrientationLandscapeLeft UIInterfaceOrientationLandscapeRight";
				LD_RUNPATH_SEARCH_PATHS = (
					"$(inherited)",
					"@executable_path/Frameworks",
				);
				MARKETING_VERSION = 1.0;
				PRODUCT_BUNDLE_IDENTIFIER = sangsoo.Tile2048;
				PRODUCT_NAME = "$(TARGET_NAME)";
				SWIFT_EMIT_LOC_STRINGS = YES;
				SWIFT_VERSION = 5.0;
				TARGETED_DEVICE_FAMILY = "1,2";
			};
			name = Debug;
		};
		8D890CE72E92A35500BF7BC2 /* Release */ = {
			isa = XCBuildConfiguration;
			buildSettings = {
				ASSETCATALOG_COMPILER_APPICON_NAME = AppIcon;
				ASSETCATALOG_COMPILER_GLOBAL_ACCENT_COLOR_NAME = AccentColor;
				CODE_SIGN_STYLE = Automatic;
				CURRENT_PROJECT_VERSION = 1;
				DEVELOPMENT_TEAM = AHSPS7954T;
				ENABLE_PREVIEWS = YES;
				ENABLE_USER_SCRIPT_SANDBOXING = NO;
				GENERATE_INFOPLIST_FILE = YES;
				INFOPLIST_KEY_UIApplicationSceneManifest_Generation = YES;
				INFOPLIST_KEY_UIApplicationSupportsIndirectInputEvents = YES;
				INFOPLIST_KEY_UILaunchScreen_Generation = YES;
				INFOPLIST_KEY_UISupportedInterfaceOrientations_iPad = "UIInterfaceOrientationPortrait UIInterfaceOrientationPortraitUpsideDown UIInterfaceOrientationLandscapeLeft UIInterfaceOrientationLandscapeRight";
				INFOPLIST_KEY_UISupportedInterfaceOrientations_iPhone = "UIInterfaceOrientationPortrait UIInterfaceOrientationLandscapeLeft UIInterfaceOrientationLandscapeRight";
				LD_RUNPATH_SEARCH_PATHS = (
					"$(inherited)",
					"@executable_path/Frameworks",
				);
				MARKETING_VERSION = 1.0;
				PRODUCT_BUNDLE_IDENTIFIER = sangsoo.Tile2048;
				PRODUCT_NAME = "$(TARGET_NAME)";
				SWIFT_EMIT_LOC_STRINGS = YES;
				SWIFT_VERSION = 5.0;
				TARGETED_DEVICE_FAMILY = "1,2";
			};
			name = Release;
		};
		8D890CE92E92A35500BF7BC2 /* Debug */ = {
			isa = XCBuildConfiguration;
			buildSettings = {
				BUNDLE_LOADER = "$(TEST_HOST)";
				CODE_SIGN_STYLE = Automatic;
				CURRENT_PROJECT_VERSION = 1;
				DEVELOPMENT_TEAM = AHSPS7954T;
				GENERATE_INFOPLIST_FILE = YES;
				IPHONEOS_DEPLOYMENT_TARGET = 18.5;
				MARKETING_VERSION = 1.0;
				PRODUCT_BUNDLE_IDENTIFIER = sangsoo.Tile2048Tests;
				PRODUCT_NAME = "$(TARGET_NAME)";
				SWIFT_EMIT_LOC_STRINGS = NO;
				SWIFT_VERSION = 5.0;
				TARGETED_DEVICE_FAMILY = "1,2";
				TEST_HOST = "$(BUILT_PRODUCTS_DIR)/Tile2048.app/$(BUNDLE_EXECUTABLE_FOLDER_PATH)/Tile2048";
			};
			name = Debug;
		};
		8D890CEA2E92A35500BF7BC2 /* Release */ = {
			isa = XCBuildConfiguration;
			buildSettings = {
				BUNDLE_LOADER = "$(TEST_HOST)";
				CODE_SIGN_STYLE = Automatic;
				CURRENT_PROJECT_VERSION = 1;
				DEVELOPMENT_TEAM = AHSPS7954T;
				GENERATE_INFOPLIST_FILE = YES;
				IPHONEOS_DEPLOYMENT_TARGET = 18.5;
				MARKETING_VERSION = 1.0;
				PRODUCT_BUNDLE_IDENTIFIER = sangsoo.Tile2048Tests;
				PRODUCT_NAME = "$(TARGET_NAME)";
				SWIFT_EMIT_LOC_STRINGS = NO;
				SWIFT_VERSION = 5.0;
				TARGETED_DEVICE_FAMILY = "1,2";
				TEST_HOST = "$(BUILT_PRODUCTS_DIR)/Tile2048.app/$(BUNDLE_EXECUTABLE_FOLDER_PATH)/Tile2048";
			};
			name = Release;
		};
		8D890CEC2E92A35500BF7BC2 /* Debug */ = {
			isa = XCBuildConfiguration;
			buildSettings = {
				CODE_SIGN_STYLE = Automatic;
				CURRENT_PROJECT_VERSION = 1;
				DEVELOPMENT_TEAM = AHSPS7954T;
				GENERATE_INFOPLIST_FILE = YES;
				MARKETING_VERSION = 1.0;
				PRODUCT_BUNDLE_IDENTIFIER = sangsoo.Tile2048UITests;
				PRODUCT_NAME = "$(TARGET_NAME)";
				SWIFT_EMIT_LOC_STRINGS = NO;
				SWIFT_VERSION = 5.0;
				TARGETED_DEVICE_FAMILY = "1,2";
				TEST_TARGET_NAME = Tile2048;
			};
			name = Debug;
		};
		8D890CED2E92A35500BF7BC2 /* Release */ = {
			isa = XCBuildConfiguration;
			buildSettings = {
				CODE_SIGN_STYLE = Automatic;
				CURRENT_PROJECT_VERSION = 1;
				DEVELOPMENT_TEAM = AHSPS7954T;
				GENERATE_INFOPLIST_FILE = YES;
				MARKETING_VERSION = 1.0;
				PRODUCT_BUNDLE_IDENTIFIER = sangsoo.Tile2048UITests;
				PRODUCT_NAME = "$(TARGET_NAME)";
				SWIFT_EMIT_LOC_STRINGS = NO;
				SWIFT_VERSION = 5.0;
				TARGETED_DEVICE_FAMILY = "1,2";
				TEST_TARGET_NAME = Tile2048;
			};
			name = Release;
		};
/* End XCBuildConfiguration section */

/* Begin XCConfigurationList section */
		8D890CBF2E92A35200BF7BC2 /* Build configuration list for PBXProject "Tile2048" */ = {
			isa = XCConfigurationList;
			buildConfigurations = (
				8D890CE32E92A35500BF7BC2 /* Debug */,
				8D890CE42E92A35500BF7BC2 /* Release */,
			);
			defaultConfigurationIsVisible = 0;
			defaultConfigurationName = Release;
		};
		8D890CE52E92A35500BF7BC2 /* Build configuration list for PBXNativeTarget "Tile2048" */ = {
			isa = XCConfigurationList;
			buildConfigurations = (
				8D890CE62E92A35500BF7BC2 /* Debug */,
				8D890CE72E92A35500BF7BC2 /* Release */,
			);
			defaultConfigurationIsVisible = 0;
			defaultConfigurationName = Release;
		};
		8D890CE82E92A35500BF7BC2 /* Build configuration list for PBXNativeTarget "Tile2048Tests" */ = {
			isa = XCConfigurationList;
			buildConfigurations = (
				8D890CE92E92A35500BF7BC2 /* Debug */,
				8D890CEA2E92A35500BF7BC2 /* Release */,
			);
			defaultConfigurationIsVisible = 0;
			defaultConfigurationName = Release;
		};
		8D890CEB2E92A35500BF7BC2 /* Build configuration list for PBXNativeTarget "Tile2048UITests" */ = {
			isa = XCConfigurationList;
			buildConfigurations = (
				8D890CEC2E92A35500BF7BC2 /* Debug */,
				8D890CED2E92A35500BF7BC2 /* Release */,
			);
			defaultConfigurationIsVisible = 0;
			defaultConfigurationName = Release;
		};
/* End XCConfigurationList section */

/* Begin XCRemoteSwiftPackageReference section */
		8D890CEE2E92A39E00BF7BC2 /* XCRemoteSwiftPackageReference "swift-composable-architecture" */ = {
			isa = XCRemoteSwiftPackageReference;
			repositoryURL = "https://github.com/pointfreeco/swift-composable-architecture";
			requirement = {
				kind = upToNextMajorVersion;
				minimumVersion = 1.22.3;
			};
		};
/* End XCRemoteSwiftPackageReference section */

/* Begin XCSwiftPackageProductDependency section */
		8D890CEF2E92A39E00BF7BC2 /* ComposableArchitecture */ = {
			isa = XCSwiftPackageProductDependency;
			package = 8D890CEE2E92A39E00BF7BC2 /* XCRemoteSwiftPackageReference "swift-composable-architecture" */;
			productName = ComposableArchitecture;
		};
/* End XCSwiftPackageProductDependency section */
	};
	rootObject = 8D890CBC2E92A35200BF7BC2 /* Project object */;
}
